{
  "lib/bold": {
    "rev": "418b48a2aba25e0ffb3f71f1ba9c619319ad8dce"
  },
  "lib/forge-std": {
    "rev": "8bbcf6e3f8f62f419e5429a0bd89331c85c37824"
  },
  "lib/mento-core": {
    "rev": "683af1f4f396d2fbf60eb2c362dd2ee4e184c201"
  },
  "lib/mento-router": {
    "rev": "80d12779d15c182249bbd4e9a245a9b08c6ba843"
  },
  "lib/mento-std": {
    "rev": "2ad51cd2f91e5d2ade22bce8887a1d733b22cedb"
  },
  "lib/openzeppelin-contracts": {
    "rev": "c64a1edb67b6e3f4a15cca8909c9482ad33a02b0"
  },
  "lib/treb-sol": {
    "rev": "b55f4c5e51fc75fe9c939518908f10b08f8b4011"
  }
}