# THIS IS AN AUTOGENERATED FILE. DO NOT EDIT THIS FILE DIRECTLY.
# yarn lockfile v1


"@celo/contracts@^13.0.0":
  version "13.0.1"
  resolved "https://registry.yarnpkg.com/@celo/contracts/-/contracts-13.0.1.tgz#b94c67c40ab769f25b31047b679bd80bcb0d8f99"
  integrity sha512-LBxKHMBjnH9Q8LkUpPAdIvLA2z8HLBTIRbGcPMIyLGThzVgA2blx570LvDkcPzZ+w48+k0T3AWaV+6d8CAG69Q==
